<Solution>
  <Folder Name="/src/">
    <Project Path="src/RoboCamHub.App/RoboCamHub.App.csproj" />
    <Project Path="src/RoboCamHub.Domain/RoboCamHub.Domain.csproj" />
    <Project Path="src/RoboCamHub.Licensing/RoboCamHub.Licensing.csproj" />
    <Project Path="src/RoboCamHub.NativeInterop/RoboCamHub.NativeInterop.csproj" />
    <Project Path="src/RoboCamHub.Persistence/RoboCamHub.Persistence.csproj" />
  </Folder>
  <Folder Name="/tests/" />
  <Folder Name="/tests/managed/">
    <Project Path="tests/managed/RoboCamHub.Domain.Tests/RoboCamHub.Domain.Tests.csproj" />
    <Project Path="tests/managed/RoboCamHub.NativeInterop.Tests/RoboCamHub.NativeInterop.Tests.csproj" />
  </Folder>
</Solution>
